
Microsoft Visual Studio Solution File, Format Version 12.00
# Visual Studio Version 17
VisualStudioVersion = 17.5.002.0
MinimumVisualStudioVersion = 10.0.40219.1
Project("{9A19103F-16F7-4668-BE54-9A1E7A4F7556}") = "aula1", "aula1\aula1.csproj", "{95A6A531-24E4-43BF-8895-855781E567E2}"
EndProject
Project("{9A19103F-16F7-4668-BE54-9A1E7A4F7556}") = "aula2", "aula2\aula2.csproj", "{87B86E9B-EADA-4D64-A0B6-3DEC6F1BD3C9}"
EndProject
Global
	GlobalSection(SolutionConfigurationPlatforms) = preSolution
		Debug|Any CPU = Debug|Any CPU
		Release|Any CPU = Release|Any CPU
	EndGlobalSection
	GlobalSection(ProjectConfigurationPlatforms) = postSolution
		{95A6A531-24E4-43BF-8895-855781E567E2}.Debug|Any CPU.ActiveCfg = Debug|Any CPU
		{95A6A531-24E4-43BF-8895-855781E567E2}.Debug|Any CPU.Build.0 = Debug|Any CPU
		{95A6A531-24E4-43BF-8895-855781E567E2}.Release|Any CPU.ActiveCfg = Release|Any CPU
		{95A6A531-24E4-43BF-8895-855781E567E2}.Release|Any CPU.Build.0 = Release|Any CPU
		{87B86E9B-EADA-4D64-A0B6-3DEC6F1BD3C9}.Debug|Any CPU.ActiveCfg = Debug|Any CPU
		{87B86E9B-EADA-4D64-A0B6-3DEC6F1BD3C9}.Debug|Any CPU.Build.0 = Debug|Any CPU
		{87B86E9B-EADA-4D64-A0B6-3DEC6F1BD3C9}.Release|Any CPU.ActiveCfg = Release|Any CPU
		{87B86E9B-EADA-4D64-A0B6-3DEC6F1BD3C9}.Release|Any CPU.Build.0 = Release|Any CPU
	EndGlobalSection
	GlobalSection(SolutionProperties) = preSolution
		HideSolutionNode = FALSE
	EndGlobalSection
	GlobalSection(ExtensibilityGlobals) = postSolution
		SolutionGuid = {2F5D6E02-135C-4710-8FB6-1CB7FAB5338E}
	EndGlobalSection
EndGlobal
